// !$*UTF8*$!
{
	archiveVersion = 1;
	classes = {
	};
	objectVersion = 46;
	objects = {

/* Begin PBXBuildFile section */
		3C5CD0634FAF414651989DF4 /* Pods_RxCollage.framework in Frameworks */ = {isa = PBXBuildFile; fileRef = A15C802CF0AC072501058126 /* Pods_RxCollage.framework */; };
		49182FF91E9E681D00C7284D /* AppDelegate.swift in Sources */ = {isa = PBXBuildFile; fileRef = 49182FF81E9E681D00C7284D /* AppDelegate.swift */; };
		49182FFB1E9E681D00C7284D /* MainViewController.swift in Sources */ = {isa = PBXBuildFile; fileRef = 49182FFA1E9E681D00C7284D /* MainViewController.swift */; };
		49182FFE1E9E681D00C7284D /* Main.storyboard in Resources */ = {isa = PBXBuildFile; fileRef = 49182FFC1E9E681D00C7284D /* Main.storyboard */; };
		491830001E9E681D00C7284D /* Assets.xcassets in Resources */ = {isa = PBXBuildFile; fileRef = 49182FFF1E9E681D00C7284D /* Assets.xcassets */; };
		491830031E9E681D00C7284D /* LaunchScreen.storyboard in Resources */ = {isa = PBXBuildFile; fileRef = 491830011E9E681D00C7284D /* LaunchScreen.storyboard */; };
		4918300E1E9E681D00C7284D /* RxCollageTests.swift in Sources */ = {isa = PBXBuildFile; fileRef = 4918300D1E9E681D00C7284D /* RxCollageTests.swift */; };
		4918301B1E9E6D4B00C7284D /* UIImage+Collage.swift in Sources */ = {isa = PBXBuildFile; fileRef = 4918301A1E9E6D4B00C7284D /* UIImage+Collage.swift */; };
		4918301D1E9E6D5B00C7284D /* PhotoWriter.swift in Sources */ = {isa = PBXBuildFile; fileRef = 4918301C1E9E6D5B00C7284D /* PhotoWriter.swift */; };
		4918301F1E9E6DE800C7284D /* PhotosViewController.swift in Sources */ = {isa = PBXBuildFile; fileRef = 4918301E1E9E6DE800C7284D /* PhotosViewController.swift */; };
		491830211E9E6E0500C7284D /* PhotoCell.swift in Sources */ = {isa = PBXBuildFile; fileRef = 491830201E9E6E0500C7284D /* PhotoCell.swift */; };
		491830231E9E6E1E00C7284D /* UIAlertViewController+Rx.swift in Sources */ = {isa = PBXBuildFile; fileRef = 491830221E9E6E1E00C7284D /* UIAlertViewController+Rx.swift */; };
		4986E7681E9E93FE005F72AD /* PHPhotoLibrary+rx.swift in Sources */ = {isa = PBXBuildFile; fileRef = 4986E7671E9E93FE005F72AD /* PHPhotoLibrary+rx.swift */; };
		D0CB4A02BD1D63566E17F43E /* Pods_RxCollageTests.framework in Frameworks */ = {isa = PBXBuildFile; fileRef = DEFC9B81A1FA66D6D48CFD9C /* Pods_RxCollageTests.framework */; };
/* End PBXBuildFile section */

/* Begin PBXContainerItemProxy section */
		4918300A1E9E681D00C7284D /* PBXContainerItemProxy */ = {
			isa = PBXContainerItemProxy;
			containerPortal = 49182FED1E9E681D00C7284D /* Project object */;
			proxyType = 1;
			remoteGlobalIDString = 49182FF41E9E681D00C7284D;
			remoteInfo = RxCollage;
		};
/* End PBXContainerItemProxy section */

/* Begin PBXFileReference section */
		0F37974C5E7A8D32C194F009 /* Pods-RxCollageTests.release.xcconfig */ = {isa = PBXFileReference; includeInIndex = 1; lastKnownFileType = text.xcconfig; name = "Pods-RxCollageTests.release.xcconfig"; path = "Pods/Target Support Files/Pods-RxCollageTests/Pods-RxCollageTests.release.xcconfig"; sourceTree = "<group>"; };
		27DC275FECFEE4E9CC5F5AF5 /* Pods-RxCollageTests.debug.xcconfig */ = {isa = PBXFileReference; includeInIndex = 1; lastKnownFileType = text.xcconfig; name = "Pods-RxCollageTests.debug.xcconfig"; path = "Pods/Target Support Files/Pods-RxCollageTests/Pods-RxCollageTests.debug.xcconfig"; sourceTree = "<group>"; };
		49182FF51E9E681D00C7284D /* RxCollage.app */ = {isa = PBXFileReference; explicitFileType = wrapper.application; includeInIndex = 0; path = RxCollage.app; sourceTree = BUILT_PRODUCTS_DIR; };
		49182FF81E9E681D00C7284D /* AppDelegate.swift */ = {isa = PBXFileReference; lastKnownFileType = sourcecode.swift; path = AppDelegate.swift; sourceTree = "<group>"; };
		49182FFA1E9E681D00C7284D /* MainViewController.swift */ = {isa = PBXFileReference; lastKnownFileType = sourcecode.swift; path = MainViewController.swift; sourceTree = "<group>"; };
		49182FFD1E9E681D00C7284D /* Base */ = {isa = PBXFileReference; lastKnownFileType = file.storyboard; name = Base; path = Base.lproj/Main.storyboard; sourceTree = "<group>"; };
		49182FFF1E9E681D00C7284D /* Assets.xcassets */ = {isa = PBXFileReference; lastKnownFileType = folder.assetcatalog; path = Assets.xcassets; sourceTree = "<group>"; };
		491830021E9E681D00C7284D /* Base */ = {isa = PBXFileReference; lastKnownFileType = file.storyboard; name = Base; path = Base.lproj/LaunchScreen.storyboard; sourceTree = "<group>"; };
		491830041E9E681D00C7284D /* Info.plist */ = {isa = PBXFileReference; lastKnownFileType = text.plist.xml; path = Info.plist; sourceTree = "<group>"; };
		491830091E9E681D00C7284D /* RxCollageTests.xctest */ = {isa = PBXFileReference; explicitFileType = wrapper.cfbundle; includeInIndex = 0; path = RxCollageTests.xctest; sourceTree = BUILT_PRODUCTS_DIR; };
		4918300D1E9E681D00C7284D /* RxCollageTests.swift */ = {isa = PBXFileReference; lastKnownFileType = sourcecode.swift; path = RxCollageTests.swift; sourceTree = "<group>"; };
		4918300F1E9E681D00C7284D /* Info.plist */ = {isa = PBXFileReference; lastKnownFileType = text.plist.xml; path = Info.plist; sourceTree = "<group>"; };
		4918301A1E9E6D4B00C7284D /* UIImage+Collage.swift */ = {isa = PBXFileReference; fileEncoding = 4; lastKnownFileType = sourcecode.swift; path = "UIImage+Collage.swift"; sourceTree = "<group>"; };
		4918301C1E9E6D5B00C7284D /* PhotoWriter.swift */ = {isa = PBXFileReference; fileEncoding = 4; lastKnownFileType = sourcecode.swift; path = PhotoWriter.swift; sourceTree = "<group>"; };
		4918301E1E9E6DE800C7284D /* PhotosViewController.swift */ = {isa = PBXFileReference; fileEncoding = 4; lastKnownFileType = sourcecode.swift; path = PhotosViewController.swift; sourceTree = "<group>"; };
		491830201E9E6E0500C7284D /* PhotoCell.swift */ = {isa = PBXFileReference; fileEncoding = 4; lastKnownFileType = sourcecode.swift; path = PhotoCell.swift; sourceTree = "<group>"; };
		491830221E9E6E1E00C7284D /* UIAlertViewController+Rx.swift */ = {isa = PBXFileReference; fileEncoding = 4; lastKnownFileType = sourcecode.swift; path = "UIAlertViewController+Rx.swift"; sourceTree = "<group>"; };
		4986E7671E9E93FE005F72AD /* PHPhotoLibrary+rx.swift */ = {isa = PBXFileReference; fileEncoding = 4; lastKnownFileType = sourcecode.swift; path = "PHPhotoLibrary+rx.swift"; sourceTree = "<group>"; };
		4F8614ACD47D0496CD750B04 /* Pods-RxCollage.release.xcconfig */ = {isa = PBXFileReference; includeInIndex = 1; lastKnownFileType = text.xcconfig; name = "Pods-RxCollage.release.xcconfig"; path = "Pods/Target Support Files/Pods-RxCollage/Pods-RxCollage.release.xcconfig"; sourceTree = "<group>"; };
		A15C802CF0AC072501058126 /* Pods_RxCollage.framework */ = {isa = PBXFileReference; explicitFileType = wrapper.framework; includeInIndex = 0; path = Pods_RxCollage.framework; sourceTree = BUILT_PRODUCTS_DIR; };
		BA42BFB5CC9AC45165B84119 /* Pods-RxCollage.debug.xcconfig */ = {isa = PBXFileReference; includeInIndex = 1; lastKnownFileType = text.xcconfig; name = "Pods-RxCollage.debug.xcconfig"; path = "Pods/Target Support Files/Pods-RxCollage/Pods-RxCollage.debug.xcconfig"; sourceTree = "<group>"; };
		DEFC9B81A1FA66D6D48CFD9C /* Pods_RxCollageTests.framework */ = {isa = PBXFileReference; explicitFileType = wrapper.framework; includeInIndex = 0; path = Pods_RxCollageTests.framework; sourceTree = BUILT_PRODUCTS_DIR; };
/* End PBXFileReference section */

/* Begin PBXFrameworksBuildPhase section */
		49182FF21E9E681D00C7284D /* Frameworks */ = {
			isa = PBXFrameworksBuildPhase;
			buildActionMask = 2147483647;
			files = (
				3C5CD0634FAF414651989DF4 /* Pods_RxCollage.framework in Frameworks */,
			);
			runOnlyForDeploymentPostprocessing = 0;
		};
		491830061E9E681D00C7284D /* Frameworks */ = {
			isa = PBXFrameworksBuildPhase;
			buildActionMask = 2147483647;
			files = (
				D0CB4A02BD1D63566E17F43E /* Pods_RxCollageTests.framework in Frameworks */,
			);
			runOnlyForDeploymentPostprocessing = 0;
		};
/* End PBXFrameworksBuildPhase section */

/* Begin PBXGroup section */
		49182FEC1E9E681D00C7284D = {
			isa = PBXGroup;
			children = (
				49182FF71E9E681D00C7284D /* RxCollage */,
				4918300C1E9E681D00C7284D /* RxCollageTests */,
				49182FF61E9E681D00C7284D /* Products */,
				ED83C7B04E30E1B7F816B6A6 /* Pods */,
				D9BC3630DD4F8CA5B79C67A9 /* Frameworks */,
			);
			sourceTree = "<group>";
		};
		49182FF61E9E681D00C7284D /* Products */ = {
			isa = PBXGroup;
			children = (
				49182FF51E9E681D00C7284D /* RxCollage.app */,
				491830091E9E681D00C7284D /* RxCollageTests.xctest */,
			);
			name = Products;
			sourceTree = "<group>";
		};
		49182FF71E9E681D00C7284D /* RxCollage */ = {
			isa = PBXGroup;
			children = (
				491830191E9E6D2600C7284D /* Assets */,
				491830181E9E6D2000C7284D /* Classes */,
				49182FFA1E9E681D00C7284D /* MainViewController.swift */,
				4918301E1E9E6DE800C7284D /* PhotosViewController.swift */,
				491830201E9E6E0500C7284D /* PhotoCell.swift */,
				491830221E9E6E1E00C7284D /* UIAlertViewController+Rx.swift */,
				4986E7671E9E93FE005F72AD /* PHPhotoLibrary+rx.swift */,
			);
			path = RxCollage;
			sourceTree = "<group>";
		};
		4918300C1E9E681D00C7284D /* RxCollageTests */ = {
			isa = PBXGroup;
			children = (
				4918300D1E9E681D00C7284D /* RxCollageTests.swift */,
				4918300F1E9E681D00C7284D /* Info.plist */,
			);
			path = RxCollageTests;
			sourceTree = "<group>";
		};
		491830181E9E6D2000C7284D /* Classes */ = {
			isa = PBXGroup;
			children = (
				4918301A1E9E6D4B00C7284D /* UIImage+Collage.swift */,
				49182FF81E9E681D00C7284D /* AppDelegate.swift */,
				4918301C1E9E6D5B00C7284D /* PhotoWriter.swift */,
			);
			name = Classes;
			sourceTree = "<group>";
		};
		491830191E9E6D2600C7284D /* Assets */ = {
			isa = PBXGroup;
			children = (
				49182FFC1E9E681D00C7284D /* Main.storyboard */,
				49182FFF1E9E681D00C7284D /* Assets.xcassets */,
				491830011E9E681D00C7284D /* LaunchScreen.storyboard */,
				491830041E9E681D00C7284D /* Info.plist */,
			);
			name = Assets;
			sourceTree = "<group>";
		};
		D9BC3630DD4F8CA5B79C67A9 /* Frameworks */ = {
			isa = PBXGroup;
			children = (
				A15C802CF0AC072501058126 /* Pods_RxCollage.framework */,
				DEFC9B81A1FA66D6D48CFD9C /* Pods_RxCollageTests.framework */,
			);
			name = Frameworks;
			sourceTree = "<group>";
		};
		ED83C7B04E30E1B7F816B6A6 /* Pods */ = {
			isa = PBXGroup;
			children = (
				BA42BFB5CC9AC45165B84119 /* Pods-RxCollage.debug.xcconfig */,
				4F8614ACD47D0496CD750B04 /* Pods-RxCollage.release.xcconfig */,
				27DC275FECFEE4E9CC5F5AF5 /* Pods-RxCollageTests.debug.xcconfig */,
				0F37974C5E7A8D32C194F009 /* Pods-RxCollageTests.release.xcconfig */,
			);
			name = Pods;
			sourceTree = "<group>";
		};
/* End PBXGroup section */

/* Begin PBXNativeTarget section */
		49182FF41E9E681D00C7284D /* RxCollage */ = {
			isa = PBXNativeTarget;
			buildConfigurationList = 491830121E9E681D00C7284D /* Build configuration list for PBXNativeTarget "RxCollage" */;
			buildPhases = (
				AF7BBAD44E4698FFB76E3388 /* [CP] Check Pods Manifest.lock */,
				49182FF11E9E681D00C7284D /* Sources */,
				49182FF21E9E681D00C7284D /* Frameworks */,
				49182FF31E9E681D00C7284D /* Resources */,
				9FA6FEF838FB16716CA99443 /* [CP] Embed Pods Frameworks */,
				1D4C272852EC78F978F76B3F /* [CP] Copy Pods Resources */,
			);
			buildRules = (
			);
			dependencies = (
			);
			name = RxCollage;
			productName = RxCollage;
			productReference = 49182FF51E9E681D00C7284D /* RxCollage.app */;
			productType = "com.apple.product-type.application";
		};
		491830081E9E681D00C7284D /* RxCollageTests */ = {
			isa = PBXNativeTarget;
			buildConfigurationList = 491830151E9E681D00C7284D /* Build configuration list for PBXNativeTarget "RxCollageTests" */;
			buildPhases = (
				90AC8687BF189B0E457906D2 /* [CP] Check Pods Manifest.lock */,
				491830051E9E681D00C7284D /* Sources */,
				491830061E9E681D00C7284D /* Frameworks */,
				491830071E9E681D00C7284D /* Resources */,
				FB3E82F7BA6FB6FFFE8739FC /* [CP] Embed Pods Frameworks */,
				28BCC1EB4ADE97893548A27C /* [CP] Copy Pods Resources */,
			);
			buildRules = (
			);
			dependencies = (
				4918300B1E9E681D00C7284D /* PBXTargetDependency */,
			);
			name = RxCollageTests;
			productName = RxCollageTests;
			productReference = 491830091E9E681D00C7284D /* RxCollageTests.xctest */;
			productType = "com.apple.product-type.bundle.unit-test";
		};
/* End PBXNativeTarget section */

/* Begin PBXProject section */
		49182FED1E9E681D00C7284D /* Project object */ = {
			isa = PBXProject;
			attributes = {
				LastSwiftUpdateCheck = 0830;
				LastUpgradeCheck = 0830;
				ORGANIZATIONNAME = "Jean-Marc Kampol Mieville";
				TargetAttributes = {
					49182FF41E9E681D00C7284D = {
						CreatedOnToolsVersion = 8.3.1;
						DevelopmentTeam = 8GL695U4E9;
						ProvisioningStyle = Automatic;
					};
					491830081E9E681D00C7284D = {
						CreatedOnToolsVersion = 8.3.1;
						DevelopmentTeam = 8GL695U4E9;
						ProvisioningStyle = Automatic;
						TestTargetID = 49182FF41E9E681D00C7284D;
					};
				};
			};
			buildConfigurationList = 49182FF01E9E681D00C7284D /* Build configuration list for PBXProject "RxCollage" */;
			compatibilityVersion = "Xcode 3.2";
			developmentRegion = English;
			hasScannedForEncodings = 0;
			knownRegions = (
				en,
				Base,
			);
			mainGroup = 49182FEC1E9E681D00C7284D;
			productRefGroup = 49182FF61E9E681D00C7284D /* Products */;
			projectDirPath = "";
			projectRoot = "";
			targets = (
				49182FF41E9E681D00C7284D /* RxCollage */,
				491830081E9E681D00C7284D /* RxCollageTests */,
			);
		};
/* End PBXProject section */

/* Begin PBXResourcesBuildPhase section */
		49182FF31E9E681D00C7284D /* Resources */ = {
			isa = PBXResourcesBuildPhase;
			buildActionMask = 2147483647;
			files = (
				491830031E9E681D00C7284D /* LaunchScreen.storyboard in Resources */,
				491830001E9E681D00C7284D /* Assets.xcassets in Resources */,
				49182FFE1E9E681D00C7284D /* Main.storyboard in Resources */,
			);
			runOnlyForDeploymentPostprocessing = 0;
		};
		491830071E9E681D00C7284D /* Resources */ = {
			isa = PBXResourcesBuildPhase;
			buildActionMask = 2147483647;
			files = (
			);
			runOnlyForDeploymentPostprocessing = 0;
		};
/* End PBXResourcesBuildPhase section */

/* Begin PBXShellScriptBuildPhase section */
		1D4C272852EC78F978F76B3F /* [CP] Copy Pods Resources */ = {
			isa = PBXShellScriptBuildPhase;
			buildActionMask = 2147483647;
			files = (
			);
			inputPaths = (
			);
			name = "[CP] Copy Pods Resources";
			outputPaths = (
			);
			runOnlyForDeploymentPostprocessing = 0;
			shellPath = /bin/sh;
			shellScript = "\"${SRCROOT}/Pods/Target Support Files/Pods-RxCollage/Pods-RxCollage-resources.sh\"\n";
			showEnvVarsInLog = 0;
		};
		28BCC1EB4ADE97893548A27C /* [CP] Copy Pods Resources */ = {
			isa = PBXShellScriptBuildPhase;
			buildActionMask = 2147483647;
			files = (
			);
			inputPaths = (
			);
			name = "[CP] Copy Pods Resources";
			outputPaths = (
			);
			runOnlyForDeploymentPostprocessing = 0;
			shellPath = /bin/sh;
			shellScript = "\"${SRCROOT}/Pods/Target Support Files/Pods-RxCollageTests/Pods-RxCollageTests-resources.sh\"\n";
			showEnvVarsInLog = 0;
		};
		90AC8687BF189B0E457906D2 /* [CP] Check Pods Manifest.lock */ = {
			isa = PBXShellScriptBuildPhase;
			buildActionMask = 2147483647;
			files = (
			);
			inputPaths = (
			);
			name = "[CP] Check Pods Manifest.lock";
			outputPaths = (
			);
			runOnlyForDeploymentPostprocessing = 0;
			shellPath = /bin/sh;
			shellScript = "diff \"${PODS_PODFILE_DIR_PATH}/Podfile.lock\" \"${PODS_ROOT}/Manifest.lock\" > /dev/null\nif [ $? != 0 ] ; then\n    # print error to STDERR\n    echo \"error: The sandbox is not in sync with the Podfile.lock. Run 'pod install' or update your CocoaPods installation.\" >&2\n    exit 1\nfi\n";
			showEnvVarsInLog = 0;
		};
		9FA6FEF838FB16716CA99443 /* [CP] Embed Pods Frameworks */ = {
			isa = PBXShellScriptBuildPhase;
			buildActionMask = 2147483647;
			files = (
			);
			inputPaths = (
			);
			name = "[CP] Embed Pods Frameworks";
			outputPaths = (
			);
			runOnlyForDeploymentPostprocessing = 0;
			shellPath = /bin/sh;
			shellScript = "\"${SRCROOT}/Pods/Target Support Files/Pods-RxCollage/Pods-RxCollage-frameworks.sh\"\n";
			showEnvVarsInLog = 0;
		};
		AF7BBAD44E4698FFB76E3388 /* [CP] Check Pods Manifest.lock */ = {
			isa = PBXShellScriptBuildPhase;
			buildActionMask = 2147483647;
			files = (
			);
			inputPaths = (
			);
			name = "[CP] Check Pods Manifest.lock";
			outputPaths = (
			);
			runOnlyForDeploymentPostprocessing = 0;
			shellPath = /bin/sh;
			shellScript = "diff \"${PODS_PODFILE_DIR_PATH}/Podfile.lock\" \"${PODS_ROOT}/Manifest.lock\" > /dev/null\nif [ $? != 0 ] ; then\n    # print error to STDERR\n    echo \"error: The sandbox is not in sync with the Podfile.lock. Run 'pod install' or update your CocoaPods installation.\" >&2\n    exit 1\nfi\n";
			showEnvVarsInLog = 0;
		};
		FB3E82F7BA6FB6FFFE8739FC /* [CP] Embed Pods Frameworks */ = {
			isa = PBXShellScriptBuildPhase;
			buildActionMask = 2147483647;
			files = (
			);
			inputPaths = (
			);
			name = "[CP] Embed Pods Frameworks";
			outputPaths = (
			);
			runOnlyForDeploymentPostprocessing = 0;
			shellPath = /bin/sh;
			shellScript = "\"${SRCROOT}/Pods/Target Support Files/Pods-RxCollageTests/Pods-RxCollageTests-frameworks.sh\"\n";
			showEnvVarsInLog = 0;
		};
/* End PBXShellScriptBuildPhase section */

/* Begin PBXSourcesBuildPhase section */
		49182FF11E9E681D00C7284D /* Sources */ = {
			isa = PBXSourcesBuildPhase;
			buildActionMask = 2147483647;
			files = (
				49182FFB1E9E681D00C7284D /* MainViewController.swift in Sources */,
				4918301B1E9E6D4B00C7284D /* UIImage+Collage.swift in Sources */,
				49182FF91E9E681D00C7284D /* AppDelegate.swift in Sources */,
				4918301D1E9E6D5B00C7284D /* PhotoWriter.swift in Sources */,
				491830211E9E6E0500C7284D /* PhotoCell.swift in Sources */,
				491830231E9E6E1E00C7284D /* UIAlertViewController+Rx.swift in Sources */,
				4986E7681E9E93FE005F72AD /* PHPhotoLibrary+rx.swift in Sources */,
				4918301F1E9E6DE800C7284D /* PhotosViewController.swift in Sources */,
			);
			runOnlyForDeploymentPostprocessing = 0;
		};
		491830051E9E681D00C7284D /* Sources */ = {
			isa = PBXSourcesBuildPhase;
			buildActionMask = 2147483647;
			files = (
				4918300E1E9E681D00C7284D /* RxCollageTests.swift in Sources */,
			);
			runOnlyForDeploymentPostprocessing = 0;
		};
/* End PBXSourcesBuildPhase section */

/* Begin PBXTargetDependency section */
		4918300B1E9E681D00C7284D /* PBXTargetDependency */ = {
			isa = PBXTargetDependency;
			target = 49182FF41E9E681D00C7284D /* RxCollage */;
			targetProxy = 4918300A1E9E681D00C7284D /* PBXContainerItemProxy */;
		};
/* End PBXTargetDependency section */

/* Begin PBXVariantGroup section */
		49182FFC1E9E681D00C7284D /* Main.storyboard */ = {
			isa = PBXVariantGroup;
			children = (
				49182FFD1E9E681D00C7284D /* Base */,
			);
			name = Main.storyboard;
			sourceTree = "<group>";
		};
		491830011E9E681D00C7284D /* LaunchScreen.storyboard */ = {
			isa = PBXVariantGroup;
			children = (
				491830021E9E681D00C7284D /* Base */,
			);
			name = LaunchScreen.storyboard;
			sourceTree = "<group>";
		};
/* End PBXVariantGroup section */

/* Begin XCBuildConfiguration section */
		491830101E9E681D00C7284D /* Debug */ = {
			isa = XCBuildConfiguration;
			buildSettings = {
				ALWAYS_SEARCH_USER_PATHS = NO;
				CLANG_ANALYZER_NONNULL = YES;
				CLANG_ANALYZER_NUMBER_OBJECT_CONVERSION = YES_AGGRESSIVE;
				CLANG_CXX_LANGUAGE_STANDARD = "gnu++0x";
				CLANG_CXX_LIBRARY = "libc++";
				CLANG_ENABLE_MODULES = YES;
				CLANG_ENABLE_OBJC_ARC = YES;
				CLANG_WARN_BOOL_CONVERSION = YES;
				CLANG_WARN_CONSTANT_CONVERSION = YES;
				CLANG_WARN_DIRECT_OBJC_ISA_USAGE = YES_ERROR;
				CLANG_WARN_DOCUMENTATION_COMMENTS = YES;
				CLANG_WARN_EMPTY_BODY = YES;
				CLANG_WARN_ENUM_CONVERSION = YES;
				CLANG_WARN_INFINITE_RECURSION = YES;
				CLANG_WARN_INT_CONVERSION = YES;
				CLANG_WARN_OBJC_ROOT_CLASS = YES_ERROR;
				CLANG_WARN_SUSPICIOUS_MOVE = YES;
				CLANG_WARN_UNREACHABLE_CODE = YES;
				CLANG_WARN__DUPLICATE_METHOD_MATCH = YES;
				"CODE_SIGN_IDENTITY[sdk=iphoneos*]" = "iPhone Developer";
				COPY_PHASE_STRIP = NO;
				DEBUG_INFORMATION_FORMAT = dwarf;
				ENABLE_STRICT_OBJC_MSGSEND = YES;
				ENABLE_TESTABILITY = YES;
				GCC_C_LANGUAGE_STANDARD = gnu99;
				GCC_DYNAMIC_NO_PIC = NO;
				GCC_NO_COMMON_BLOCKS = YES;
				GCC_OPTIMIZATION_LEVEL = 0;
				GCC_PREPROCESSOR_DEFINITIONS = (
					"DEBUG=1",
					"$(inherited)",
				);
				GCC_WARN_64_TO_32_BIT_CONVERSION = YES;
				GCC_WARN_ABOUT_RETURN_TYPE = YES_ERROR;
				GCC_WARN_UNDECLARED_SELECTOR = YES;
				GCC_WARN_UNINITIALIZED_AUTOS = YES_AGGRESSIVE;
				GCC_WARN_UNUSED_FUNCTION = YES;
				GCC_WARN_UNUSED_VARIABLE = YES;
				IPHONEOS_DEPLOYMENT_TARGET = 10.3;
				MTL_ENABLE_DEBUG_INFO = YES;
				ONLY_ACTIVE_ARCH = YES;
				SDKROOT = iphoneos;
				SWIFT_ACTIVE_COMPILATION_CONDITIONS = DEBUG;
				SWIFT_OPTIMIZATION_LEVEL = "-Onone";
			};
			name = Debug;
		};
		491830111E9E681D00C7284D /* Release */ = {
			isa = XCBuildConfiguration;
			buildSettings = {
				ALWAYS_SEARCH_USER_PATHS = NO;
				CLANG_ANALYZER_NONNULL = YES;
				CLANG_ANALYZER_NUMBER_OBJECT_CONVERSION = YES_AGGRESSIVE;
				CLANG_CXX_LANGUAGE_STANDARD = "gnu++0x";
				CLANG_CXX_LIBRARY = "libc++";
				CLANG_ENABLE_MODULES = YES;
				CLANG_ENABLE_OBJC_ARC = YES;
				CLANG_WARN_BOOL_CONVERSION = YES;
				CLANG_WARN_CONSTANT_CONVERSION = YES;
				CLANG_WARN_DIRECT_OBJC_ISA_USAGE = YES_ERROR;
				CLANG_WARN_DOCUMENTATION_COMMENTS = YES;
				CLANG_WARN_EMPTY_BODY = YES;
				CLANG_WARN_ENUM_CONVERSION = YES;
				CLANG_WARN_INFINITE_RECURSION = YES;
				CLANG_WARN_INT_CONVERSION = YES;
				CLANG_WARN_OBJC_ROOT_CLASS = YES_ERROR;
				CLANG_WARN_SUSPICIOUS_MOVE = YES;
				CLANG_WARN_UNREACHABLE_CODE = YES;
				CLANG_WARN__DUPLICATE_METHOD_MATCH = YES;
				"CODE_SIGN_IDENTITY[sdk=iphoneos*]" = "iPhone Developer";
				COPY_PHASE_STRIP = NO;
				DEBUG_INFORMATION_FORMAT = "dwarf-with-dsym";
				ENABLE_NS_ASSERTIONS = NO;
				ENABLE_STRICT_OBJC_MSGSEND = YES;
				GCC_C_LANGUAGE_STANDARD = gnu99;
				GCC_NO_COMMON_BLOCKS = YES;
				GCC_WARN_64_TO_32_BIT_CONVERSION = YES;
				GCC_WARN_ABOUT_RETURN_TYPE = YES_ERROR;
				GCC_WARN_UNDECLARED_SELECTOR = YES;
				GCC_WARN_UNINITIALIZED_AUTOS = YES_AGGRESSIVE;
				GCC_WARN_UNUSED_FUNCTION = YES;
				GCC_WARN_UNUSED_VARIABLE = YES;
				IPHONEOS_DEPLOYMENT_TARGET = 10.3;
				MTL_ENABLE_DEBUG_INFO = NO;
				SDKROOT = iphoneos;
				SWIFT_OPTIMIZATION_LEVEL = "-Owholemodule";
				VALIDATE_PRODUCT = YES;
			};
			name = Release;
		};
		491830131E9E681D00C7284D /* Debug */ = {
			isa = XCBuildConfiguration;
			baseConfigurationReference = BA42BFB5CC9AC45165B84119 /* Pods-RxCollage.debug.xcconfig */;
			buildSettings = {
				ASSETCATALOG_COMPILER_APPICON_NAME = AppIcon;
				DEVELOPMENT_TEAM = 8GL695U4E9;
				INFOPLIST_FILE = RxCollage/Info.plist;
				LD_RUNPATH_SEARCH_PATHS = "$(inherited) @executable_path/Frameworks";
				PRODUCT_BUNDLE_IDENTIFIER = "com.MievilleKampolJean-Marc.RxCollage";
				PRODUCT_NAME = "$(TARGET_NAME)";
				SWIFT_VERSION = 3.0;
			};
			name = Debug;
		};
		491830141E9E681D00C7284D /* Release */ = {
			isa = XCBuildConfiguration;
			baseConfigurationReference = 4F8614ACD47D0496CD750B04 /* Pods-RxCollage.release.xcconfig */;
			buildSettings = {
				ASSETCATALOG_COMPILER_APPICON_NAME = AppIcon;
				DEVELOPMENT_TEAM = 8GL695U4E9;
				INFOPLIST_FILE = RxCollage/Info.plist;
				LD_RUNPATH_SEARCH_PATHS = "$(inherited) @executable_path/Frameworks";
				PRODUCT_BUNDLE_IDENTIFIER = "com.MievilleKampolJean-Marc.RxCollage";
				PRODUCT_NAME = "$(TARGET_NAME)";
				SWIFT_VERSION = 3.0;
			};
			name = Release;
		};
		491830161E9E681D00C7284D /* Debug */ = {
			isa = XCBuildConfiguration;
			baseConfigurationReference = 27DC275FECFEE4E9CC5F5AF5 /* Pods-RxCollageTests.debug.xcconfig */;
			buildSettings = {
				ALWAYS_EMBED_SWIFT_STANDARD_LIBRARIES = YES;
				BUNDLE_LOADER = "$(TEST_HOST)";
				DEVELOPMENT_TEAM = 8GL695U4E9;
				INFOPLIST_FILE = RxCollageTests/Info.plist;
				LD_RUNPATH_SEARCH_PATHS = "$(inherited) @executable_path/Frameworks @loader_path/Frameworks";
				PRODUCT_BUNDLE_IDENTIFIER = "com.MievilleKampolJean-Marc.RxCollageTests";
				PRODUCT_NAME = "$(TARGET_NAME)";
				SWIFT_VERSION = 3.0;
				TEST_HOST = "$(BUILT_PRODUCTS_DIR)/RxCollage.app/RxCollage";
			};
			name = Debug;
		};
		491830171E9E681D00C7284D /* Release */ = {
			isa = XCBuildConfiguration;
			baseConfigurationReference = 0F37974C5E7A8D32C194F009 /* Pods-RxCollageTests.release.xcconfig */;
			buildSettings = {
				ALWAYS_EMBED_SWIFT_STANDARD_LIBRARIES = YES;
				BUNDLE_LOADER = "$(TEST_HOST)";
				DEVELOPMENT_TEAM = 8GL695U4E9;
				INFOPLIST_FILE = RxCollageTests/Info.plist;
				LD_RUNPATH_SEARCH_PATHS = "$(inherited) @executable_path/Frameworks @loader_path/Frameworks";
				PRODUCT_BUNDLE_IDENTIFIER = "com.MievilleKampolJean-Marc.RxCollageTests";
				PRODUCT_NAME = "$(TARGET_NAME)";
				SWIFT_VERSION = 3.0;
				TEST_HOST = "$(BUILT_PRODUCTS_DIR)/RxCollage.app/RxCollage";
			};
			name = Release;
		};
/* End XCBuildConfiguration section */

/* Begin XCConfigurationList section */
		49182FF01E9E681D00C7284D /* Build configuration list for PBXProject "RxCollage" */ = {
			isa = XCConfigurationList;
			buildConfigurations = (
				491830101E9E681D00C7284D /* Debug */,
				491830111E9E681D00C7284D /* Release */,
			);
			defaultConfigurationIsVisible = 0;
			defaultConfigurationName = Release;
		};
		491830121E9E681D00C7284D /* Build configuration list for PBXNativeTarget "RxCollage" */ = {
			isa = XCConfigurationList;
			buildConfigurations = (
				491830131E9E681D00C7284D /* Debug */,
				491830141E9E681D00C7284D /* Release */,
			);
			defaultConfigurationIsVisible = 0;
			defaultConfigurationName = Release;
		};
		491830151E9E681D00C7284D /* Build configuration list for PBXNativeTarget "RxCollageTests" */ = {
			isa = XCConfigurationList;
			buildConfigurations = (
				491830161E9E681D00C7284D /* Debug */,
				491830171E9E681D00C7284D /* Release */,
			);
			defaultConfigurationIsVisible = 0;
			defaultConfigurationName = Release;
		};
/* End XCConfigurationList section */
	};
	rootObject = 49182FED1E9E681D00C7284D /* Project object */;
}
